
Microsoft Visual Studio Solution File, Format Version 12.00
# Visual Studio Version 17
VisualStudioVersion = 17.0.31903.59
MinimumVisualStudioVersion = 10.0.40219.1
Project("{2150E333-8FDC-42A3-9474-1A3956D46DE8}") = "src", "src", "{60653AE3-96B7-442B-8327-A287C9AF2344}"
EndProject
Project("{FAE04EC0-301F-11D3-BF4B-00C04F79EFBC}") = "KeyedServiceExample.Api", "src\KeyedServiceExample.Api\KeyedServiceExample.Api.csproj", "{EBE0A83D-E354-4CDC-A821-07B198F1C6B3}"
EndProject
Global
	GlobalSection(SolutionConfigurationPlatforms) = preSolution
		Debug|Any CPU = Debug|Any CPU
		Release|Any CPU = Release|Any CPU
	EndGlobalSection
	GlobalSection(SolutionProperties) = preSolution
		HideSolutionNode = FALSE
	EndGlobalSection
	GlobalSection(ProjectConfigurationPlatforms) = postSolution
		{EBE0A83D-E354-4CDC-A821-07B198F1C6B3}.Debug|Any CPU.ActiveCfg = Debug|Any CPU
		{EBE0A83D-E354-4CDC-A821-07B198F1C6B3}.Debug|Any CPU.Build.0 = Debug|Any CPU
		{EBE0A83D-E354-4CDC-A821-07B198F1C6B3}.Release|Any CPU.ActiveCfg = Release|Any CPU
		{EBE0A83D-E354-4CDC-A821-07B198F1C6B3}.Release|Any CPU.Build.0 = Release|Any CPU
	EndGlobalSection
	GlobalSection(NestedProjects) = preSolution
		{EBE0A83D-E354-4CDC-A821-07B198F1C6B3} = {60653AE3-96B7-442B-8327-A287C9AF2344}
	EndGlobalSection
EndGlobal
